# This file is autogenerated, do not edit; changes may be undone by the next 'dep ensure'.


[[projects]]
  name = "github.com/Masterminds/semver"
  packages = ["."]
  revision = "15d8430ab86497c5c0da827b748823945e1cf1e1"
  version = "v1.4.0"

[[projects]]
  branch = "master"
  name = "github.com/yookoala/realpath"
  packages = ["."]
  revision = "d19ef9c409d9817c1e685775e53d361b03eabbc8"

[solve-meta]
  analyzer-name = "dep"
  analyzer-version = 1
  inputs-digest = "81d1d112a34d932cfefde96784fa9a094736378ea476f8099c431a115d983e46"
  solver-name = "gps-cdcl"
  solver-version = 1
