# This file is autogenerated, do not edit; changes may be undone by the next 'dep ensure'.


[[projects]]
  name = "github.com/Masterminds/semver"
  packages = ["."]
  revision = "c7af12943936e8c39859482e61f0574c2fd7fc75"
  version = "v1.4.2"

[[projects]]
  name = "github.com/mattn/anko"
  packages = [
    "ast",
    "parser",
    "vm"
  ]
  revision = "e9c5c0ca86cf129292c56ddbddc4fff027844d65"
  version = "v0.0.4"

[[projects]]
  branch = "refactor-parser"
  name = "github.com/valyala/quicktemplate"
  packages = ["parser"]
  revision = "e59fcc6aea561438a8a93d86a8a3ece6ab432027"
  source = "github.com/kenshaw/quicktemplate.git"

[[projects]]
  branch = "master"
  name = "github.com/yookoala/realpath"
  packages = ["."]
  revision = "d19ef9c409d9817c1e685775e53d361b03eabbc8"

[solve-meta]
  analyzer-name = "dep"
  analyzer-version = 1
  inputs-digest = "a154ce4ade2c7c624a5015e924706ee3fa93e6f6694eb6fa5bfc88aef4ac7ac0"
  solver-name = "gps-cdcl"
  solver-version = 1
